
Microsoft Visual Studio Solution File, Format Version 12.00
# Visual Studio 15
Project("{FAE04EC0-301F-11D3-BF4B-00C04F79EFBC}") = "Assembly-CSharp", "Assembly-CSharp.csproj", "{3CFB5481-CAE0-4B37-9629-A300DF8A83C1}"
EndProject
Project("{FAE04EC0-301F-11D3-BF4B-00C04F79EFBC}") = "Assembly-CSharp-Editor", "Assembly-CSharp-Editor.csproj", "{761B533B-8A2C-1144-B610-76CE7DCC0E9C}"
EndProject
Global
	GlobalSection(SolutionConfigurationPlatforms) = preSolution
		Debug|Any CPU = Debug|Any CPU
		Release|Any CPU = Release|Any CPU
	EndGlobalSection
	GlobalSection(ProjectConfigurationPlatforms) = postSolution
		{3CFB5481-CAE0-4B37-9629-A300DF8A83C1}.Debug|Any CPU.ActiveCfg = Debug|Any CPU
		{3CFB5481-CAE0-4B37-9629-A300DF8A83C1}.Debug|Any CPU.Build.0 = Debug|Any CPU
		{3CFB5481-CAE0-4B37-9629-A300DF8A83C1}.Release|Any CPU.ActiveCfg = Release|Any CPU
		{3CFB5481-CAE0-4B37-9629-A300DF8A83C1}.Release|Any CPU.Build.0 = Release|Any CPU
		{761B533B-8A2C-1144-B610-76CE7DCC0E9C}.Debug|Any CPU.ActiveCfg = Debug|Any CPU
		{761B533B-8A2C-1144-B610-76CE7DCC0E9C}.Debug|Any CPU.Build.0 = Debug|Any CPU
		{761B533B-8A2C-1144-B610-76CE7DCC0E9C}.Release|Any CPU.ActiveCfg = Release|Any CPU
		{761B533B-8A2C-1144-B610-76CE7DCC0E9C}.Release|Any CPU.Build.0 = Release|Any CPU
	EndGlobalSection
	GlobalSection(SolutionProperties) = preSolution
		HideSolutionNode = FALSE
	EndGlobalSection
EndGlobal
